PODS:
  - Alamofire (4.8.2)
  - GoogleMaps (6.1.1):
    - GoogleMaps/Maps (= 6.1.1)
  - GoogleMaps/Base (6.1.1)
  - GoogleMaps/Maps (6.1.1):
    - GoogleMaps/Base
  - GooglePlaces (6.1.1)

DEPENDENCIES:
  - Alamofire (= 4.8.2)
  - GoogleMaps
  - GooglePlaces

SPEC REPOS:
  trunk:
    - Alamofire
    - GoogleMaps
    - GooglePlaces

SPEC CHECKSUMS:
  Alamofire: ae5c501addb7afdbb13687d7f2f722c78734c2d3
  GoogleMaps: 94e6e0851beece6678af9f508f4918b7a7c61722
  GooglePlaces: 9c1f3baa75191b94dfc12b80a801292e03977f73

PODFILE CHECKSUM: 16e5c6b97d2bf8d3e00a29335b7195613ee95345

COCOAPODS: 1.11.3
