// !$*UTF8*$!
{
	archiveVersion = 1;
	classes = {
	};
	objectVersion = 55;
	objects = {

/* Begin PBXBuildFile section */
		E11CE807AC365AE34EF2FD74 /* Pods_Test1.framework in Frameworks */ = {isa = PBXBuildFile; fileRef = 4D1B7C8ACF2BBA37F8CBF5B7 /* Pods_Test1.framework */; };
		F52DFDAA2866D3A4005DFBEF /* AppDelegate.swift in Sources */ = {isa = PBXBuildFile; fileRef = F52DFDA92866D3A4005DFBEF /* AppDelegate.swift */; };
		F52DFDAE2866D3A4005DFBEF /* ViewController.swift in Sources */ = {isa = PBXBuildFile; fileRef = F52DFDAD2866D3A4005DFBEF /* ViewController.swift */; };
		F52DFDB12866D3A4005DFBEF /* Main.storyboard in Resources */ = {isa = PBXBuildFile; fileRef = F52DFDAF2866D3A4005DFBEF /* Main.storyboard */; };
		F52DFDB42866D3A4005DFBEF /* Test1.xcdatamodeld in Sources */ = {isa = PBXBuildFile; fileRef = F52DFDB22866D3A4005DFBEF /* Test1.xcdatamodeld */; };
		F52DFDB62866D3A6005DFBEF /* Assets.xcassets in Resources */ = {isa = PBXBuildFile; fileRef = F52DFDB52866D3A6005DFBEF /* Assets.xcassets */; };
		F52DFDB92866D3A6005DFBEF /* LaunchScreen.storyboard in Resources */ = {isa = PBXBuildFile; fileRef = F52DFDB72866D3A6005DFBEF /* LaunchScreen.storyboard */; };
		F52DFDC12866E3DC005DFBEF /* SignVc.swift in Sources */ = {isa = PBXBuildFile; fileRef = F52DFDC02866E3DC005DFBEF /* SignVc.swift */; };
		F52DFDC32866E464005DFBEF /* loginVc.swift in Sources */ = {isa = PBXBuildFile; fileRef = F52DFDC22866E464005DFBEF /* loginVc.swift */; };
		F52DFDC52866EE2C005DFBEF /* TableViewCell.swift in Sources */ = {isa = PBXBuildFile; fileRef = F52DFDC42866EE2C005DFBEF /* TableViewCell.swift */; };
		F52DFDC92866FC07005DFBEF /* CollectionViewCell2.swift in Sources */ = {isa = PBXBuildFile; fileRef = F52DFDC82866FC07005DFBEF /* CollectionViewCell2.swift */; };
		F55605F32874285700398C24 /* GoogleMapDataVC.swift in Sources */ = {isa = PBXBuildFile; fileRef = F55605F22874285700398C24 /* GoogleMapDataVC.swift */; };
		F5592E57286BF3E50040500C /* GoogleMapsVC.swift in Sources */ = {isa = PBXBuildFile; fileRef = F5592E56286BF3E50040500C /* GoogleMapsVC.swift */; };
		F5B052322872BA6100D73002 /* googleTableVC.swift in Sources */ = {isa = PBXBuildFile; fileRef = F5B052312872BA6100D73002 /* googleTableVC.swift */; };
		F5D34CDF286D424D0092427F /* MkMapVC.swift in Sources */ = {isa = PBXBuildFile; fileRef = F5D34CDE286D424D0092427F /* MkMapVC.swift */; };
		F5D34CE1286D43090092427F /* TblAndCollectionVC.swift in Sources */ = {isa = PBXBuildFile; fileRef = F5D34CE0286D43090092427F /* TblAndCollectionVC.swift */; };
/* End PBXBuildFile section */

/* Begin PBXFileReference section */
		4D1B7C8ACF2BBA37F8CBF5B7 /* Pods_Test1.framework */ = {isa = PBXFileReference; explicitFileType = wrapper.framework; includeInIndex = 0; path = Pods_Test1.framework; sourceTree = BUILT_PRODUCTS_DIR; };
		AD74277C72BB117BF987C6C2 /* Pods-Test1.debug.xcconfig */ = {isa = PBXFileReference; includeInIndex = 1; lastKnownFileType = text.xcconfig; name = "Pods-Test1.debug.xcconfig"; path = "Target Support Files/Pods-Test1/Pods-Test1.debug.xcconfig"; sourceTree = "<group>"; };
		C0BC67B8486474C839CCD22E /* Pods-Test1.release.xcconfig */ = {isa = PBXFileReference; includeInIndex = 1; lastKnownFileType = text.xcconfig; name = "Pods-Test1.release.xcconfig"; path = "Target Support Files/Pods-Test1/Pods-Test1.release.xcconfig"; sourceTree = "<group>"; };
		F52DFDA62866D3A4005DFBEF /* Test1.app */ = {isa = PBXFileReference; explicitFileType = wrapper.application; includeInIndex = 0; path = Test1.app; sourceTree = BUILT_PRODUCTS_DIR; };
		F52DFDA92866D3A4005DFBEF /* AppDelegate.swift */ = {isa = PBXFileReference; lastKnownFileType = sourcecode.swift; path = AppDelegate.swift; sourceTree = "<group>"; };
		F52DFDAD2866D3A4005DFBEF /* ViewController.swift */ = {isa = PBXFileReference; lastKnownFileType = sourcecode.swift; path = ViewController.swift; sourceTree = "<group>"; };
		F52DFDB02866D3A4005DFBEF /* Base */ = {isa = PBXFileReference; lastKnownFileType = file.storyboard; name = Base; path = Base.lproj/Main.storyboard; sourceTree = "<group>"; };
		F52DFDB32866D3A4005DFBEF /* Test1.xcdatamodel */ = {isa = PBXFileReference; lastKnownFileType = wrapper.xcdatamodel; path = Test1.xcdatamodel; sourceTree = "<group>"; };
		F52DFDB52866D3A6005DFBEF /* Assets.xcassets */ = {isa = PBXFileReference; lastKnownFileType = folder.assetcatalog; path = Assets.xcassets; sourceTree = "<group>"; };
		F52DFDB82866D3A6005DFBEF /* Base */ = {isa = PBXFileReference; lastKnownFileType = file.storyboard; name = Base; path = Base.lproj/LaunchScreen.storyboard; sourceTree = "<group>"; };
		F52DFDBA2866D3A6005DFBEF /* Info.plist */ = {isa = PBXFileReference; lastKnownFileType = text.plist.xml; path = Info.plist; sourceTree = "<group>"; };
		F52DFDC02866E3DC005DFBEF /* SignVc.swift */ = {isa = PBXFileReference; lastKnownFileType = sourcecode.swift; path = SignVc.swift; sourceTree = "<group>"; };
		F52DFDC22866E464005DFBEF /* loginVc.swift */ = {isa = PBXFileReference; lastKnownFileType = sourcecode.swift; path = loginVc.swift; sourceTree = "<group>"; };
		F52DFDC42866EE2C005DFBEF /* TableViewCell.swift */ = {isa = PBXFileReference; lastKnownFileType = sourcecode.swift; path = TableViewCell.swift; sourceTree = "<group>"; };
		F52DFDC82866FC07005DFBEF /* CollectionViewCell2.swift */ = {isa = PBXFileReference; lastKnownFileType = sourcecode.swift; path = CollectionViewCell2.swift; sourceTree = "<group>"; };
		F55605F22874285700398C24 /* GoogleMapDataVC.swift */ = {isa = PBXFileReference; lastKnownFileType = sourcecode.swift; path = GoogleMapDataVC.swift; sourceTree = "<group>"; };
		F5592E56286BF3E50040500C /* GoogleMapsVC.swift */ = {isa = PBXFileReference; lastKnownFileType = sourcecode.swift; path = GoogleMapsVC.swift; sourceTree = "<group>"; };
		F5B052312872BA6100D73002 /* googleTableVC.swift */ = {isa = PBXFileReference; lastKnownFileType = sourcecode.swift; path = googleTableVC.swift; sourceTree = "<group>"; };
		F5D34CDE286D424D0092427F /* MkMapVC.swift */ = {isa = PBXFileReference; lastKnownFileType = sourcecode.swift; path = MkMapVC.swift; sourceTree = "<group>"; };
		F5D34CE0286D43090092427F /* TblAndCollectionVC.swift */ = {isa = PBXFileReference; lastKnownFileType = sourcecode.swift; path = TblAndCollectionVC.swift; sourceTree = "<group>"; };
/* End PBXFileReference section */

/* Begin PBXFrameworksBuildPhase section */
		F52DFDA32866D3A4005DFBEF /* Frameworks */ = {
			isa = PBXFrameworksBuildPhase;
			buildActionMask = 2147483647;
			files = (
				E11CE807AC365AE34EF2FD74 /* Pods_Test1.framework in Frameworks */,
			);
			runOnlyForDeploymentPostprocessing = 0;
		};
/* End PBXFrameworksBuildPhase section */

/* Begin PBXGroup section */
		6E41FD812C3BDC7BD9E2CB00 /* Pods */ = {
			isa = PBXGroup;
			children = (
				AD74277C72BB117BF987C6C2 /* Pods-Test1.debug.xcconfig */,
				C0BC67B8486474C839CCD22E /* Pods-Test1.release.xcconfig */,
			);
			path = Pods;
			sourceTree = "<group>";
		};
		D83198F9AF672143F0F11653 /* Frameworks */ = {
			isa = PBXGroup;
			children = (
				4D1B7C8ACF2BBA37F8CBF5B7 /* Pods_Test1.framework */,
			);
			name = Frameworks;
			sourceTree = "<group>";
		};
		F52DFD9D2866D3A4005DFBEF = {
			isa = PBXGroup;
			children = (
				F52DFDA82866D3A4005DFBEF /* Test1 */,
				F52DFDA72866D3A4005DFBEF /* Products */,
				6E41FD812C3BDC7BD9E2CB00 /* Pods */,
				D83198F9AF672143F0F11653 /* Frameworks */,
			);
			sourceTree = "<group>";
		};
		F52DFDA72866D3A4005DFBEF /* Products */ = {
			isa = PBXGroup;
			children = (
				F52DFDA62866D3A4005DFBEF /* Test1.app */,
			);
			name = Products;
			sourceTree = "<group>";
		};
		F52DFDA82866D3A4005DFBEF /* Test1 */ = {
			isa = PBXGroup;
			children = (
				F52DFDA92866D3A4005DFBEF /* AppDelegate.swift */,
				F52DFDAD2866D3A4005DFBEF /* ViewController.swift */,
				F52DFDC22866E464005DFBEF /* loginVc.swift */,
				F52DFDC02866E3DC005DFBEF /* SignVc.swift */,
				F5D34CDE286D424D0092427F /* MkMapVC.swift */,
				F5592E56286BF3E50040500C /* GoogleMapsVC.swift */,
				F5D34CE0286D43090092427F /* TblAndCollectionVC.swift */,
				F5B052312872BA6100D73002 /* googleTableVC.swift */,
				F55605F22874285700398C24 /* GoogleMapDataVC.swift */,
				F52DFDC82866FC07005DFBEF /* CollectionViewCell2.swift */,
				F52DFDC42866EE2C005DFBEF /* TableViewCell.swift */,
				F52DFDAF2866D3A4005DFBEF /* Main.storyboard */,
				F52DFDB52866D3A6005DFBEF /* Assets.xcassets */,
				F52DFDB72866D3A6005DFBEF /* LaunchScreen.storyboard */,
				F52DFDBA2866D3A6005DFBEF /* Info.plist */,
				F52DFDB22866D3A4005DFBEF /* Test1.xcdatamodeld */,
			);
			path = Test1;
			sourceTree = "<group>";
		};
/* End PBXGroup section */

/* Begin PBXNativeTarget section */
		F52DFDA52866D3A4005DFBEF /* Test1 */ = {
			isa = PBXNativeTarget;
			buildConfigurationList = F52DFDBD2866D3A6005DFBEF /* Build configuration list for PBXNativeTarget "Test1" */;
			buildPhases = (
				7EB302148AF28AECCDC7DB81 /* [CP] Check Pods Manifest.lock */,
				F52DFDA22866D3A4005DFBEF /* Sources */,
				F52DFDA32866D3A4005DFBEF /* Frameworks */,
				F52DFDA42866D3A4005DFBEF /* Resources */,
				D59FCF80A2FDB22CA1F1CED5 /* [CP] Embed Pods Frameworks */,
				89B90EC0AB39863440A938B1 /* [CP] Copy Pods Resources */,
			);
			buildRules = (
			);
			dependencies = (
			);
			name = Test1;
			productName = Test1;
			productReference = F52DFDA62866D3A4005DFBEF /* Test1.app */;
			productType = "com.apple.product-type.application";
		};
/* End PBXNativeTarget section */

/* Begin PBXProject section */
		F52DFD9E2866D3A4005DFBEF /* Project object */ = {
			isa = PBXProject;
			attributes = {
				BuildIndependentTargetsInParallel = 1;
				LastSwiftUpdateCheck = 1310;
				LastUpgradeCheck = 1310;
				TargetAttributes = {
					F52DFDA52866D3A4005DFBEF = {
						CreatedOnToolsVersion = 13.1;
					};
				};
			};
			buildConfigurationList = F52DFDA12866D3A4005DFBEF /* Build configuration list for PBXProject "Test1" */;
			compatibilityVersion = "Xcode 13.0";
			developmentRegion = en;
			hasScannedForEncodings = 0;
			knownRegions = (
				en,
				Base,
			);
			mainGroup = F52DFD9D2866D3A4005DFBEF;
			productRefGroup = F52DFDA72866D3A4005DFBEF /* Products */;
			projectDirPath = "";
			projectRoot = "";
			targets = (
				F52DFDA52866D3A4005DFBEF /* Test1 */,
			);
		};
/* End PBXProject section */

/* Begin PBXResourcesBuildPhase section */
		F52DFDA42866D3A4005DFBEF /* Resources */ = {
			isa = PBXResourcesBuildPhase;
			buildActionMask = 2147483647;
			files = (
				F52DFDB92866D3A6005DFBEF /* LaunchScreen.storyboard in Resources */,
				F52DFDB62866D3A6005DFBEF /* Assets.xcassets in Resources */,
				F52DFDB12866D3A4005DFBEF /* Main.storyboard in Resources */,
			);
			runOnlyForDeploymentPostprocessing = 0;
		};
/* End PBXResourcesBuildPhase section */

/* Begin PBXShellScriptBuildPhase section */
		7EB302148AF28AECCDC7DB81 /* [CP] Check Pods Manifest.lock */ = {
			isa = PBXShellScriptBuildPhase;
			buildActionMask = 2147483647;
			files = (
			);
			inputFileListPaths = (
			);
			inputPaths = (
				"${PODS_PODFILE_DIR_PATH}/Podfile.lock",
				"${PODS_ROOT}/Manifest.lock",
			);
			name = "[CP] Check Pods Manifest.lock";
			outputFileListPaths = (
			);
			outputPaths = (
				"$(DERIVED_FILE_DIR)/Pods-Test1-checkManifestLockResult.txt",
			);
			runOnlyForDeploymentPostprocessing = 0;
			shellPath = /bin/sh;
			shellScript = "diff \"${PODS_PODFILE_DIR_PATH}/Podfile.lock\" \"${PODS_ROOT}/Manifest.lock\" > /dev/null\nif [ $? != 0 ] ; then\n    # print error to STDERR\n    echo \"error: The sandbox is not in sync with the Podfile.lock. Run 'pod install' or update your CocoaPods installation.\" >&2\n    exit 1\nfi\n# This output is used by Xcode 'outputs' to avoid re-running this script phase.\necho \"SUCCESS\" > \"${SCRIPT_OUTPUT_FILE_0}\"\n";
			showEnvVarsInLog = 0;
		};
		89B90EC0AB39863440A938B1 /* [CP] Copy Pods Resources */ = {
			isa = PBXShellScriptBuildPhase;
			buildActionMask = 2147483647;
			files = (
			);
			inputFileListPaths = (
				"${PODS_ROOT}/Target Support Files/Pods-Test1/Pods-Test1-resources-${CONFIGURATION}-input-files.xcfilelist",
			);
			name = "[CP] Copy Pods Resources";
			outputFileListPaths = (
				"${PODS_ROOT}/Target Support Files/Pods-Test1/Pods-Test1-resources-${CONFIGURATION}-output-files.xcfilelist",
			);
			runOnlyForDeploymentPostprocessing = 0;
			shellPath = /bin/sh;
			shellScript = "\"${PODS_ROOT}/Target Support Files/Pods-Test1/Pods-Test1-resources.sh\"\n";
			showEnvVarsInLog = 0;
		};
		D59FCF80A2FDB22CA1F1CED5 /* [CP] Embed Pods Frameworks */ = {
			isa = PBXShellScriptBuildPhase;
			buildActionMask = 2147483647;
			files = (
			);
			inputFileListPaths = (
				"${PODS_ROOT}/Target Support Files/Pods-Test1/Pods-Test1-frameworks-${CONFIGURATION}-input-files.xcfilelist",
			);
			name = "[CP] Embed Pods Frameworks";
			outputFileListPaths = (
				"${PODS_ROOT}/Target Support Files/Pods-Test1/Pods-Test1-frameworks-${CONFIGURATION}-output-files.xcfilelist",
			);
			runOnlyForDeploymentPostprocessing = 0;
			shellPath = /bin/sh;
			shellScript = "\"${PODS_ROOT}/Target Support Files/Pods-Test1/Pods-Test1-frameworks.sh\"\n";
			showEnvVarsInLog = 0;
		};
/* End PBXShellScriptBuildPhase section */

/* Begin PBXSourcesBuildPhase section */
		F52DFDA22866D3A4005DFBEF /* Sources */ = {
			isa = PBXSourcesBuildPhase;
			buildActionMask = 2147483647;
			files = (
				F52DFDC32866E464005DFBEF /* loginVc.swift in Sources */,
				F5D34CE1286D43090092427F /* TblAndCollectionVC.swift in Sources */,
				F55605F32874285700398C24 /* GoogleMapDataVC.swift in Sources */,
				F52DFDAE2866D3A4005DFBEF /* ViewController.swift in Sources */,
				F5D34CDF286D424D0092427F /* MkMapVC.swift in Sources */,
				F52DFDC12866E3DC005DFBEF /* SignVc.swift in Sources */,
				F52DFDC92866FC07005DFBEF /* CollectionViewCell2.swift in Sources */,
				F5592E57286BF3E50040500C /* GoogleMapsVC.swift in Sources */,
				F52DFDC52866EE2C005DFBEF /* TableViewCell.swift in Sources */,
				F5B052322872BA6100D73002 /* googleTableVC.swift in Sources */,
				F52DFDAA2866D3A4005DFBEF /* AppDelegate.swift in Sources */,
				F52DFDB42866D3A4005DFBEF /* Test1.xcdatamodeld in Sources */,
			);
			runOnlyForDeploymentPostprocessing = 0;
		};
/* End PBXSourcesBuildPhase section */

/* Begin PBXVariantGroup section */
		F52DFDAF2866D3A4005DFBEF /* Main.storyboard */ = {
			isa = PBXVariantGroup;
			children = (
				F52DFDB02866D3A4005DFBEF /* Base */,
			);
			name = Main.storyboard;
			sourceTree = "<group>";
		};
		F52DFDB72866D3A6005DFBEF /* LaunchScreen.storyboard */ = {
			isa = PBXVariantGroup;
			children = (
				F52DFDB82866D3A6005DFBEF /* Base */,
			);
			name = LaunchScreen.storyboard;
			sourceTree = "<group>";
		};
/* End PBXVariantGroup section */

/* Begin XCBuildConfiguration section */
		F52DFDBB2866D3A6005DFBEF /* Debug */ = {
			isa = XCBuildConfiguration;
			buildSettings = {
				ALWAYS_SEARCH_USER_PATHS = NO;
				CLANG_ANALYZER_NONNULL = YES;
				CLANG_ANALYZER_NUMBER_OBJECT_CONVERSION = YES_AGGRESSIVE;
				CLANG_CXX_LANGUAGE_STANDARD = "gnu++17";
				CLANG_CXX_LIBRARY = "libc++";
				CLANG_ENABLE_MODULES = YES;
				CLANG_ENABLE_OBJC_ARC = YES;
				CLANG_ENABLE_OBJC_WEAK = YES;
				CLANG_WARN_BLOCK_CAPTURE_AUTORELEASING = YES;
				CLANG_WARN_BOOL_CONVERSION = YES;
				CLANG_WARN_COMMA = YES;
				CLANG_WARN_CONSTANT_CONVERSION = YES;
				CLANG_WARN_DEPRECATED_OBJC_IMPLEMENTATIONS = YES;
				CLANG_WARN_DIRECT_OBJC_ISA_USAGE = YES_ERROR;
				CLANG_WARN_DOCUMENTATION_COMMENTS = YES;
				CLANG_WARN_EMPTY_BODY = YES;
				CLANG_WARN_ENUM_CONVERSION = YES;
				CLANG_WARN_INFINITE_RECURSION = YES;
				CLANG_WARN_INT_CONVERSION = YES;
				CLANG_WARN_NON_LITERAL_NULL_CONVERSION = YES;
				CLANG_WARN_OBJC_IMPLICIT_RETAIN_SELF = YES;
				CLANG_WARN_OBJC_LITERAL_CONVERSION = YES;
				CLANG_WARN_OBJC_ROOT_CLASS = YES_ERROR;
				CLANG_WARN_QUOTED_INCLUDE_IN_FRAMEWORK_HEADER = YES;
				CLANG_WARN_RANGE_LOOP_ANALYSIS = YES;
				CLANG_WARN_STRICT_PROTOTYPES = YES;
				CLANG_WARN_SUSPICIOUS_MOVE = YES;
				CLANG_WARN_UNGUARDED_AVAILABILITY = YES_AGGRESSIVE;
				CLANG_WARN_UNREACHABLE_CODE = YES;
				CLANG_WARN__DUPLICATE_METHOD_MATCH = YES;
				COPY_PHASE_STRIP = NO;
				DEBUG_INFORMATION_FORMAT = dwarf;
				ENABLE_STRICT_OBJC_MSGSEND = YES;
				ENABLE_TESTABILITY = YES;
				GCC_C_LANGUAGE_STANDARD = gnu11;
				GCC_DYNAMIC_NO_PIC = NO;
				GCC_NO_COMMON_BLOCKS = YES;
				GCC_OPTIMIZATION_LEVEL = 0;
				GCC_PREPROCESSOR_DEFINITIONS = (
					"DEBUG=1",
					"$(inherited)",
				);
				GCC_WARN_64_TO_32_BIT_CONVERSION = YES;
				GCC_WARN_ABOUT_RETURN_TYPE = YES_ERROR;
				GCC_WARN_UNDECLARED_SELECTOR = YES;
				GCC_WARN_UNINITIALIZED_AUTOS = YES_AGGRESSIVE;
				GCC_WARN_UNUSED_FUNCTION = YES;
				GCC_WARN_UNUSED_VARIABLE = YES;
				IPHONEOS_DEPLOYMENT_TARGET = 15.0;
				MTL_ENABLE_DEBUG_INFO = INCLUDE_SOURCE;
				MTL_FAST_MATH = YES;
				ONLY_ACTIVE_ARCH = YES;
				SDKROOT = iphoneos;
				SWIFT_ACTIVE_COMPILATION_CONDITIONS = DEBUG;
				SWIFT_OPTIMIZATION_LEVEL = "-Onone";
			};
			name = Debug;
		};
		F52DFDBC2866D3A6005DFBEF /* Release */ = {
			isa = XCBuildConfiguration;
			buildSettings = {
				ALWAYS_SEARCH_USER_PATHS = NO;
				CLANG_ANALYZER_NONNULL = YES;
				CLANG_ANALYZER_NUMBER_OBJECT_CONVERSION = YES_AGGRESSIVE;
				CLANG_CXX_LANGUAGE_STANDARD = "gnu++17";
				CLANG_CXX_LIBRARY = "libc++";
				CLANG_ENABLE_MODULES = YES;
				CLANG_ENABLE_OBJC_ARC = YES;
				CLANG_ENABLE_OBJC_WEAK = YES;
				CLANG_WARN_BLOCK_CAPTURE_AUTORELEASING = YES;
				CLANG_WARN_BOOL_CONVERSION = YES;
				CLANG_WARN_COMMA = YES;
				CLANG_WARN_CONSTANT_CONVERSION = YES;
				CLANG_WARN_DEPRECATED_OBJC_IMPLEMENTATIONS = YES;
				CLANG_WARN_DIRECT_OBJC_ISA_USAGE = YES_ERROR;
				CLANG_WARN_DOCUMENTATION_COMMENTS = YES;
				CLANG_WARN_EMPTY_BODY = YES;
				CLANG_WARN_ENUM_CONVERSION = YES;
				CLANG_WARN_INFINITE_RECURSION = YES;
				CLANG_WARN_INT_CONVERSION = YES;
				CLANG_WARN_NON_LITERAL_NULL_CONVERSION = YES;
				CLANG_WARN_OBJC_IMPLICIT_RETAIN_SELF = YES;
				CLANG_WARN_OBJC_LITERAL_CONVERSION = YES;
				CLANG_WARN_OBJC_ROOT_CLASS = YES_ERROR;
				CLANG_WARN_QUOTED_INCLUDE_IN_FRAMEWORK_HEADER = YES;
				CLANG_WARN_RANGE_LOOP_ANALYSIS = YES;
				CLANG_WARN_STRICT_PROTOTYPES = YES;
				CLANG_WARN_SUSPICIOUS_MOVE = YES;
				CLANG_WARN_UNGUARDED_AVAILABILITY = YES_AGGRESSIVE;
				CLANG_WARN_UNREACHABLE_CODE = YES;
				CLANG_WARN__DUPLICATE_METHOD_MATCH = YES;
				COPY_PHASE_STRIP = NO;
				DEBUG_INFORMATION_FORMAT = "dwarf-with-dsym";
				ENABLE_NS_ASSERTIONS = NO;
				ENABLE_STRICT_OBJC_MSGSEND = YES;
				GCC_C_LANGUAGE_STANDARD = gnu11;
				GCC_NO_COMMON_BLOCKS = YES;
				GCC_WARN_64_TO_32_BIT_CONVERSION = YES;
				GCC_WARN_ABOUT_RETURN_TYPE = YES_ERROR;
				GCC_WARN_UNDECLARED_SELECTOR = YES;
				GCC_WARN_UNINITIALIZED_AUTOS = YES_AGGRESSIVE;
				GCC_WARN_UNUSED_FUNCTION = YES;
				GCC_WARN_UNUSED_VARIABLE = YES;
				IPHONEOS_DEPLOYMENT_TARGET = 15.0;
				MTL_ENABLE_DEBUG_INFO = NO;
				MTL_FAST_MATH = YES;
				SDKROOT = iphoneos;
				SWIFT_COMPILATION_MODE = wholemodule;
				SWIFT_OPTIMIZATION_LEVEL = "-O";
				VALIDATE_PRODUCT = YES;
			};
			name = Release;
		};
		F52DFDBE2866D3A6005DFBEF /* Debug */ = {
			isa = XCBuildConfiguration;
			baseConfigurationReference = AD74277C72BB117BF987C6C2 /* Pods-Test1.debug.xcconfig */;
			buildSettings = {
				ASSETCATALOG_COMPILER_APPICON_NAME = AppIcon;
				ASSETCATALOG_COMPILER_GLOBAL_ACCENT_COLOR_NAME = AccentColor;
				CODE_SIGN_STYLE = Automatic;
				CURRENT_PROJECT_VERSION = 1;
				DEVELOPMENT_TEAM = SFS426H3UG;
				GENERATE_INFOPLIST_FILE = YES;
				INFOPLIST_FILE = Test1/Info.plist;
				INFOPLIST_KEY_UIApplicationSupportsIndirectInputEvents = YES;
				INFOPLIST_KEY_UILaunchStoryboardName = LaunchScreen;
				INFOPLIST_KEY_UIMainStoryboardFile = Main;
				INFOPLIST_KEY_UISupportedInterfaceOrientations_iPad = "UIInterfaceOrientationPortrait UIInterfaceOrientationPortraitUpsideDown UIInterfaceOrientationLandscapeLeft UIInterfaceOrientationLandscapeRight";
				INFOPLIST_KEY_UISupportedInterfaceOrientations_iPhone = "UIInterfaceOrientationPortrait UIInterfaceOrientationLandscapeLeft UIInterfaceOrientationLandscapeRight";
				LD_RUNPATH_SEARCH_PATHS = (
					"$(inherited)",
					"@executable_path/Frameworks",
				);
				MARKETING_VERSION = 1.0;
				PRODUCT_BUNDLE_IDENTIFIER = com.Test1;
				PRODUCT_NAME = "$(TARGET_NAME)";
				SWIFT_EMIT_LOC_STRINGS = YES;
				SWIFT_VERSION = 5.0;
				TARGETED_DEVICE_FAMILY = "1,2";
			};
			name = Debug;
		};
		F52DFDBF2866D3A6005DFBEF /* Release */ = {
			isa = XCBuildConfiguration;
			baseConfigurationReference = C0BC67B8486474C839CCD22E /* Pods-Test1.release.xcconfig */;
			buildSettings = {
				ASSETCATALOG_COMPILER_APPICON_NAME = AppIcon;
				ASSETCATALOG_COMPILER_GLOBAL_ACCENT_COLOR_NAME = AccentColor;
				CODE_SIGN_STYLE = Automatic;
				CURRENT_PROJECT_VERSION = 1;
				DEVELOPMENT_TEAM = SFS426H3UG;
				GENERATE_INFOPLIST_FILE = YES;
				INFOPLIST_FILE = Test1/Info.plist;
				INFOPLIST_KEY_UIApplicationSupportsIndirectInputEvents = YES;
				INFOPLIST_KEY_UILaunchStoryboardName = LaunchScreen;
				INFOPLIST_KEY_UIMainStoryboardFile = Main;
				INFOPLIST_KEY_UISupportedInterfaceOrientations_iPad = "UIInterfaceOrientationPortrait UIInterfaceOrientationPortraitUpsideDown UIInterfaceOrientationLandscapeLeft UIInterfaceOrientationLandscapeRight";
				INFOPLIST_KEY_UISupportedInterfaceOrientations_iPhone = "UIInterfaceOrientationPortrait UIInterfaceOrientationLandscapeLeft UIInterfaceOrientationLandscapeRight";
				LD_RUNPATH_SEARCH_PATHS = (
					"$(inherited)",
					"@executable_path/Frameworks",
				);
				MARKETING_VERSION = 1.0;
				PRODUCT_BUNDLE_IDENTIFIER = com.Test1;
				PRODUCT_NAME = "$(TARGET_NAME)";
				SWIFT_EMIT_LOC_STRINGS = YES;
				SWIFT_VERSION = 5.0;
				TARGETED_DEVICE_FAMILY = "1,2";
			};
			name = Release;
		};
/* End XCBuildConfiguration section */

/* Begin XCConfigurationList section */
		F52DFDA12866D3A4005DFBEF /* Build configuration list for PBXProject "Test1" */ = {
			isa = XCConfigurationList;
			buildConfigurations = (
				F52DFDBB2866D3A6005DFBEF /* Debug */,
				F52DFDBC2866D3A6005DFBEF /* Release */,
			);
			defaultConfigurationIsVisible = 0;
			defaultConfigurationName = Release;
		};
		F52DFDBD2866D3A6005DFBEF /* Build configuration list for PBXNativeTarget "Test1" */ = {
			isa = XCConfigurationList;
			buildConfigurations = (
				F52DFDBE2866D3A6005DFBEF /* Debug */,
				F52DFDBF2866D3A6005DFBEF /* Release */,
			);
			defaultConfigurationIsVisible = 0;
			defaultConfigurationName = Release;
		};
/* End XCConfigurationList section */

/* Begin XCVersionGroup section */
		F52DFDB22866D3A4005DFBEF /* Test1.xcdatamodeld */ = {
			isa = XCVersionGroup;
			children = (
				F52DFDB32866D3A4005DFBEF /* Test1.xcdatamodel */,
			);
			currentVersion = F52DFDB32866D3A4005DFBEF /* Test1.xcdatamodel */;
			path = Test1.xcdatamodeld;
			sourceTree = "<group>";
			versionGroupType = wrapper.xcdatamodel;
		};
/* End XCVersionGroup section */
	};
	rootObject = F52DFD9E2866D3A4005DFBEF /* Project object */;
}
